// !$*UTF8*$!
{
	archiveVersion = 1;
	classes = {
	};
	objectVersion = 50;
	objects = {

/* Begin PBXBuildFile section */
		3210472920F5948E00AC5344 /* AddCategoryController.swift in Sources */ = {isa = PBXBuildFile; fileRef = 3210472820F5948E00AC5344 /* AddCategoryController.swift */; };
		32336F1F20F92A9E0067BE9C /* StringExtension.swift in Sources */ = {isa = PBXBuildFile; fileRef = 32336F1E20F92A9E0067BE9C /* StringExtension.swift */; };
		32336F2120F942D80067BE9C /* RemoveController.swift in Sources */ = {isa = PBXBuildFile; fileRef = 32336F2020F942D80067BE9C /* RemoveController.swift */; };
		32336F2320F94BA20067BE9C /* Alert.swift in Sources */ = {isa = PBXBuildFile; fileRef = 32336F2220F94BA20067BE9C /* Alert.swift */; };
		324ECF4820F82B4A00AA7623 /* DatePopupViewController.swift in Sources */ = {isa = PBXBuildFile; fileRef = 324ECF4720F82B4A00AA7623 /* DatePopupViewController.swift */; };
		324ECF4A20F8452B00AA7623 /* AddEntryController.swift in Sources */ = {isa = PBXBuildFile; fileRef = 324ECF4920F8452B00AA7623 /* AddEntryController.swift */; };
		325AB7C920F3F90400021373 /* AppDelegate.swift in Sources */ = {isa = PBXBuildFile; fileRef = 325AB7C820F3F90400021373 /* AppDelegate.swift */; };
		325AB7CB20F3F90400021373 /* ViewController.swift in Sources */ = {isa = PBXBuildFile; fileRef = 325AB7CA20F3F90400021373 /* ViewController.swift */; };
		325AB7CE20F3F90400021373 /* Main.storyboard in Resources */ = {isa = PBXBuildFile; fileRef = 325AB7CC20F3F90400021373 /* Main.storyboard */; };
		325AB7D020F3F90500021373 /* Assets.xcassets in Resources */ = {isa = PBXBuildFile; fileRef = 325AB7CF20F3F90500021373 /* Assets.xcassets */; };
		325AB7D320F3F90500021373 /* LaunchScreen.storyboard in Resources */ = {isa = PBXBuildFile; fileRef = 325AB7D120F3F90500021373 /* LaunchScreen.storyboard */; };
		325AB7DB20F4082E00021373 /* Entry.swift in Sources */ = {isa = PBXBuildFile; fileRef = 325AB7DA20F4082E00021373 /* Entry.swift */; };
		325AB7DD20F4104100021373 /* ViewControllerTableViewCell.swift in Sources */ = {isa = PBXBuildFile; fileRef = 325AB7DC20F4104100021373 /* ViewControllerTableViewCell.swift */; };
		32DABBBE20F6900E00780542 /* NotificationNameExtension.swift in Sources */ = {isa = PBXBuildFile; fileRef = 32DABBBD20F6900E00780542 /* NotificationNameExtension.swift */; };
		32F6622B20F433180009FAD0 /* SettingsViewController.swift in Sources */ = {isa = PBXBuildFile; fileRef = 32F6622A20F433180009FAD0 /* SettingsViewController.swift */; };
/* End PBXBuildFile section */

/* Begin PBXFileReference section */
		3210472820F5948E00AC5344 /* AddCategoryController.swift */ = {isa = PBXFileReference; lastKnownFileType = sourcecode.swift; path = AddCategoryController.swift; sourceTree = "<group>"; };
		32336F1E20F92A9E0067BE9C /* StringExtension.swift */ = {isa = PBXFileReference; lastKnownFileType = sourcecode.swift; path = StringExtension.swift; sourceTree = "<group>"; };
		32336F2020F942D80067BE9C /* RemoveController.swift */ = {isa = PBXFileReference; lastKnownFileType = sourcecode.swift; path = RemoveController.swift; sourceTree = "<group>"; };
		32336F2220F94BA20067BE9C /* Alert.swift */ = {isa = PBXFileReference; lastKnownFileType = sourcecode.swift; path = Alert.swift; sourceTree = "<group>"; };
		324ECF4720F82B4A00AA7623 /* DatePopupViewController.swift */ = {isa = PBXFileReference; lastKnownFileType = sourcecode.swift; path = DatePopupViewController.swift; sourceTree = "<group>"; };
		324ECF4920F8452B00AA7623 /* AddEntryController.swift */ = {isa = PBXFileReference; lastKnownFileType = sourcecode.swift; path = AddEntryController.swift; sourceTree = "<group>"; };
		325AB7C520F3F90400021373 /* SpendingTrackeriOS.app */ = {isa = PBXFileReference; explicitFileType = wrapper.application; includeInIndex = 0; path = SpendingTrackeriOS.app; sourceTree = BUILT_PRODUCTS_DIR; };
		325AB7C820F3F90400021373 /* AppDelegate.swift */ = {isa = PBXFileReference; lastKnownFileType = sourcecode.swift; path = AppDelegate.swift; sourceTree = "<group>"; };
		325AB7CA20F3F90400021373 /* ViewController.swift */ = {isa = PBXFileReference; lastKnownFileType = sourcecode.swift; path = ViewController.swift; sourceTree = "<group>"; };
		325AB7CD20F3F90400021373 /* Base */ = {isa = PBXFileReference; lastKnownFileType = file.storyboard; name = Base; path = Base.lproj/Main.storyboard; sourceTree = "<group>"; };
		325AB7CF20F3F90500021373 /* Assets.xcassets */ = {isa = PBXFileReference; lastKnownFileType = folder.assetcatalog; path = Assets.xcassets; sourceTree = "<group>"; };
		325AB7D220F3F90500021373 /* Base */ = {isa = PBXFileReference; lastKnownFileType = file.storyboard; name = Base; path = Base.lproj/LaunchScreen.storyboard; sourceTree = "<group>"; };
		325AB7D420F3F90500021373 /* Info.plist */ = {isa = PBXFileReference; lastKnownFileType = text.plist.xml; path = Info.plist; sourceTree = "<group>"; };
		325AB7DA20F4082E00021373 /* Entry.swift */ = {isa = PBXFileReference; lastKnownFileType = sourcecode.swift; path = Entry.swift; sourceTree = "<group>"; };
		325AB7DC20F4104100021373 /* ViewControllerTableViewCell.swift */ = {isa = PBXFileReference; lastKnownFileType = sourcecode.swift; path = ViewControllerTableViewCell.swift; sourceTree = "<group>"; };
		32DABBBD20F6900E00780542 /* NotificationNameExtension.swift */ = {isa = PBXFileReference; lastKnownFileType = sourcecode.swift; path = NotificationNameExtension.swift; sourceTree = "<group>"; };
		32F6622A20F433180009FAD0 /* SettingsViewController.swift */ = {isa = PBXFileReference; lastKnownFileType = sourcecode.swift; path = SettingsViewController.swift; sourceTree = "<group>"; };
/* End PBXFileReference section */

/* Begin PBXFrameworksBuildPhase section */
		325AB7C220F3F90400021373 /* Frameworks */ = {
			isa = PBXFrameworksBuildPhase;
			buildActionMask = 2147483647;
			files = (
			);
			runOnlyForDeploymentPostprocessing = 0;
		};
/* End PBXFrameworksBuildPhase section */

/* Begin PBXGroup section */
		325AB7BC20F3F90400021373 = {
			isa = PBXGroup;
			children = (
				325AB7C720F3F90400021373 /* SpendingTrackeriOS */,
				325AB7C620F3F90400021373 /* Products */,
			);
			sourceTree = "<group>";
		};
		325AB7C620F3F90400021373 /* Products */ = {
			isa = PBXGroup;
			children = (
				325AB7C520F3F90400021373 /* SpendingTrackeriOS.app */,
			);
			name = Products;
			sourceTree = "<group>";
		};
		325AB7C720F3F90400021373 /* SpendingTrackeriOS */ = {
			isa = PBXGroup;
			children = (
				325AB7C820F3F90400021373 /* AppDelegate.swift */,
				325AB7CA20F3F90400021373 /* ViewController.swift */,
				325AB7CC20F3F90400021373 /* Main.storyboard */,
				325AB7CF20F3F90500021373 /* Assets.xcassets */,
				325AB7D120F3F90500021373 /* LaunchScreen.storyboard */,
				325AB7D420F3F90500021373 /* Info.plist */,
				325AB7DA20F4082E00021373 /* Entry.swift */,
				325AB7DC20F4104100021373 /* ViewControllerTableViewCell.swift */,
				32F6622A20F433180009FAD0 /* SettingsViewController.swift */,
				3210472820F5948E00AC5344 /* AddCategoryController.swift */,
				32DABBBD20F6900E00780542 /* NotificationNameExtension.swift */,
				324ECF4720F82B4A00AA7623 /* DatePopupViewController.swift */,
				324ECF4920F8452B00AA7623 /* AddEntryController.swift */,
				32336F1E20F92A9E0067BE9C /* StringExtension.swift */,
				32336F2020F942D80067BE9C /* RemoveController.swift */,
				32336F2220F94BA20067BE9C /* Alert.swift */,
			);
			path = SpendingTrackeriOS;
			sourceTree = "<group>";
		};
/* End PBXGroup section */

/* Begin PBXNativeTarget section */
		325AB7C420F3F90400021373 /* SpendingTrackeriOS */ = {
			isa = PBXNativeTarget;
			buildConfigurationList = 325AB7D720F3F90500021373 /* Build configuration list for PBXNativeTarget "SpendingTrackeriOS" */;
			buildPhases = (
				325AB7C120F3F90400021373 /* Sources */,
				325AB7C220F3F90400021373 /* Frameworks */,
				325AB7C320F3F90400021373 /* Resources */,
			);
			buildRules = (
			);
			dependencies = (
			);
			name = SpendingTrackeriOS;
			productName = SpendingTrackeriOS;
			productReference = 325AB7C520F3F90400021373 /* SpendingTrackeriOS.app */;
			productType = "com.apple.product-type.application";
		};
/* End PBXNativeTarget section */

/* Begin PBXProject section */
		325AB7BD20F3F90400021373 /* Project object */ = {
			isa = PBXProject;
			attributes = {
				LastSwiftUpdateCheck = 0940;
				LastUpgradeCheck = 0940;
				ORGANIZATIONNAME = "Maya Asaoka";
				TargetAttributes = {
					325AB7C420F3F90400021373 = {
						CreatedOnToolsVersion = 9.4.1;
					};
				};
			};
			buildConfigurationList = 325AB7C020F3F90400021373 /* Build configuration list for PBXProject "SpendingTrackeriOS" */;
			compatibilityVersion = "Xcode 9.3";
			developmentRegion = en;
			hasScannedForEncodings = 0;
			knownRegions = (
				en,
				Base,
			);
			mainGroup = 325AB7BC20F3F90400021373;
			productRefGroup = 325AB7C620F3F90400021373 /* Products */;
			projectDirPath = "";
			projectRoot = "";
			targets = (
				325AB7C420F3F90400021373 /* SpendingTrackeriOS */,
			);
		};
/* End PBXProject section */

/* Begin PBXResourcesBuildPhase section */
		325AB7C320F3F90400021373 /* Resources */ = {
			isa = PBXResourcesBuildPhase;
			buildActionMask = 2147483647;
			files = (
				325AB7D320F3F90500021373 /* LaunchScreen.storyboard in Resources */,
				325AB7D020F3F90500021373 /* Assets.xcassets in Resources */,
				325AB7CE20F3F90400021373 /* Main.storyboard in Resources */,
			);
			runOnlyForDeploymentPostprocessing = 0;
		};
/* End PBXResourcesBuildPhase section */

/* Begin PBXSourcesBuildPhase section */
		325AB7C120F3F90400021373 /* Sources */ = {
			isa = PBXSourcesBuildPhase;
			buildActionMask = 2147483647;
			files = (
				32DABBBE20F6900E00780542 /* NotificationNameExtension.swift in Sources */,
				32336F2120F942D80067BE9C /* RemoveController.swift in Sources */,
				3210472920F5948E00AC5344 /* AddCategoryController.swift in Sources */,
				325AB7DB20F4082E00021373 /* Entry.swift in Sources */,
				325AB7CB20F3F90400021373 /* ViewController.swift in Sources */,
				325AB7DD20F4104100021373 /* ViewControllerTableViewCell.swift in Sources */,
				32336F2320F94BA20067BE9C /* Alert.swift in Sources */,
				32F6622B20F433180009FAD0 /* SettingsViewController.swift in Sources */,
				32336F1F20F92A9E0067BE9C /* StringExtension.swift in Sources */,
				325AB7C920F3F90400021373 /* AppDelegate.swift in Sources */,
				324ECF4A20F8452B00AA7623 /* AddEntryController.swift in Sources */,
				324ECF4820F82B4A00AA7623 /* DatePopupViewController.swift in Sources */,
			);
			runOnlyForDeploymentPostprocessing = 0;
		};
/* End PBXSourcesBuildPhase section */

/* Begin PBXVariantGroup section */
		325AB7CC20F3F90400021373 /* Main.storyboard */ = {
			isa = PBXVariantGroup;
			children = (
				325AB7CD20F3F90400021373 /* Base */,
			);
			name = Main.storyboard;
			sourceTree = "<group>";
		};
		325AB7D120F3F90500021373 /* LaunchScreen.storyboard */ = {
			isa = PBXVariantGroup;
			children = (
				325AB7D220F3F90500021373 /* Base */,
			);
			name = LaunchScreen.storyboard;
			sourceTree = "<group>";
		};
/* End PBXVariantGroup section */

/* Begin XCBuildConfiguration section */
		325AB7D520F3F90500021373 /* Debug */ = {
			isa = XCBuildConfiguration;
			buildSettings = {
				ALWAYS_SEARCH_USER_PATHS = NO;
				CLANG_ANALYZER_NONNULL = YES;
				CLANG_ANALYZER_NUMBER_OBJECT_CONVERSION = YES_AGGRESSIVE;
				CLANG_CXX_LANGUAGE_STANDARD = "gnu++14";
				CLANG_CXX_LIBRARY = "libc++";
				CLANG_ENABLE_MODULES = YES;
				CLANG_ENABLE_OBJC_ARC = YES;
				CLANG_ENABLE_OBJC_WEAK = YES;
				CLANG_WARN_BLOCK_CAPTURE_AUTORELEASING = YES;
				CLANG_WARN_BOOL_CONVERSION = YES;
				CLANG_WARN_COMMA = YES;
				CLANG_WARN_CONSTANT_CONVERSION = YES;
				CLANG_WARN_DEPRECATED_OBJC_IMPLEMENTATIONS = YES;
				CLANG_WARN_DIRECT_OBJC_ISA_USAGE = YES_ERROR;
				CLANG_WARN_DOCUMENTATION_COMMENTS = YES;
				CLANG_WARN_EMPTY_BODY = YES;
				CLANG_WARN_ENUM_CONVERSION = YES;
				CLANG_WARN_INFINITE_RECURSION = YES;
				CLANG_WARN_INT_CONVERSION = YES;
				CLANG_WARN_NON_LITERAL_NULL_CONVERSION = YES;
				CLANG_WARN_OBJC_IMPLICIT_RETAIN_SELF = YES;
				CLANG_WARN_OBJC_LITERAL_CONVERSION = YES;
				CLANG_WARN_OBJC_ROOT_CLASS = YES_ERROR;
				CLANG_WARN_RANGE_LOOP_ANALYSIS = YES;
				CLANG_WARN_STRICT_PROTOTYPES = YES;
				CLANG_WARN_SUSPICIOUS_MOVE = YES;
				CLANG_WARN_UNGUARDED_AVAILABILITY = YES_AGGRESSIVE;
				CLANG_WARN_UNREACHABLE_CODE = YES;
				CLANG_WARN__DUPLICATE_METHOD_MATCH = YES;
				CODE_SIGN_IDENTITY = "iPhone Developer";
				COPY_PHASE_STRIP = NO;
				DEBUG_INFORMATION_FORMAT = dwarf;
				ENABLE_STRICT_OBJC_MSGSEND = YES;
				ENABLE_TESTABILITY = YES;
				GCC_C_LANGUAGE_STANDARD = gnu11;
				GCC_DYNAMIC_NO_PIC = NO;
				GCC_NO_COMMON_BLOCKS = YES;
				GCC_OPTIMIZATION_LEVEL = 0;
				GCC_PREPROCESSOR_DEFINITIONS = (
					"DEBUG=1",
					"$(inherited)",
				);
				GCC_WARN_64_TO_32_BIT_CONVERSION = YES;
				GCC_WARN_ABOUT_RETURN_TYPE = YES_ERROR;
				GCC_WARN_UNDECLARED_SELECTOR = YES;
				GCC_WARN_UNINITIALIZED_AUTOS = YES_AGGRESSIVE;
				GCC_WARN_UNUSED_FUNCTION = YES;
				GCC_WARN_UNUSED_VARIABLE = YES;
				IPHONEOS_DEPLOYMENT_TARGET = 11.4;
				MTL_ENABLE_DEBUG_INFO = YES;
				ONLY_ACTIVE_ARCH = YES;
				SDKROOT = iphoneos;
				SWIFT_ACTIVE_COMPILATION_CONDITIONS = DEBUG;
				SWIFT_OPTIMIZATION_LEVEL = "-Onone";
			};
			name = Debug;
		};
		325AB7D620F3F90500021373 /* Release */ = {
			isa = XCBuildConfiguration;
			buildSettings = {
				ALWAYS_SEARCH_USER_PATHS = NO;
				CLANG_ANALYZER_NONNULL = YES;
				CLANG_ANALYZER_NUMBER_OBJECT_CONVERSION = YES_AGGRESSIVE;
				CLANG_CXX_LANGUAGE_STANDARD = "gnu++14";
				CLANG_CXX_LIBRARY = "libc++";
				CLANG_ENABLE_MODULES = YES;
				CLANG_ENABLE_OBJC_ARC = YES;
				CLANG_ENABLE_OBJC_WEAK = YES;
				CLANG_WARN_BLOCK_CAPTURE_AUTORELEASING = YES;
				CLANG_WARN_BOOL_CONVERSION = YES;
				CLANG_WARN_COMMA = YES;
				CLANG_WARN_CONSTANT_CONVERSION = YES;
				CLANG_WARN_DEPRECATED_OBJC_IMPLEMENTATIONS = YES;
				CLANG_WARN_DIRECT_OBJC_ISA_USAGE = YES_ERROR;
				CLANG_WARN_DOCUMENTATION_COMMENTS = YES;
				CLANG_WARN_EMPTY_BODY = YES;
				CLANG_WARN_ENUM_CONVERSION = YES;
				CLANG_WARN_INFINITE_RECURSION = YES;
				CLANG_WARN_INT_CONVERSION = YES;
				CLANG_WARN_NON_LITERAL_NULL_CONVERSION = YES;
				CLANG_WARN_OBJC_IMPLICIT_RETAIN_SELF = YES;
				CLANG_WARN_OBJC_LITERAL_CONVERSION = YES;
				CLANG_WARN_OBJC_ROOT_CLASS = YES_ERROR;
				CLANG_WARN_RANGE_LOOP_ANALYSIS = YES;
				CLANG_WARN_STRICT_PROTOTYPES = YES;
				CLANG_WARN_SUSPICIOUS_MOVE = YES;
				CLANG_WARN_UNGUARDED_AVAILABILITY = YES_AGGRESSIVE;
				CLANG_WARN_UNREACHABLE_CODE = YES;
				CLANG_WARN__DUPLICATE_METHOD_MATCH = YES;
				CODE_SIGN_IDENTITY = "iPhone Developer";
				COPY_PHASE_STRIP = NO;
				DEBUG_INFORMATION_FORMAT = "dwarf-with-dsym";
				ENABLE_NS_ASSERTIONS = NO;
				ENABLE_STRICT_OBJC_MSGSEND = YES;
				GCC_C_LANGUAGE_STANDARD = gnu11;
				GCC_NO_COMMON_BLOCKS = YES;
				GCC_WARN_64_TO_32_BIT_CONVERSION = YES;
				GCC_WARN_ABOUT_RETURN_TYPE = YES_ERROR;
				GCC_WARN_UNDECLARED_SELECTOR = YES;
				GCC_WARN_UNINITIALIZED_AUTOS = YES_AGGRESSIVE;
				GCC_WARN_UNUSED_FUNCTION = YES;
				GCC_WARN_UNUSED_VARIABLE = YES;
				IPHONEOS_DEPLOYMENT_TARGET = 11.4;
				MTL_ENABLE_DEBUG_INFO = NO;
				SDKROOT = iphoneos;
				SWIFT_COMPILATION_MODE = wholemodule;
				SWIFT_OPTIMIZATION_LEVEL = "-O";
				VALIDATE_PRODUCT = YES;
			};
			name = Release;
		};
		325AB7D820F3F90500021373 /* Debug */ = {
			isa = XCBuildConfiguration;
			buildSettings = {
				ASSETCATALOG_COMPILER_APPICON_NAME = AppIcon;
				CODE_SIGN_STYLE = Automatic;
				INFOPLIST_FILE = SpendingTrackeriOS/Info.plist;
				LD_RUNPATH_SEARCH_PATHS = (
					"$(inherited)",
					"@executable_path/Frameworks",
				);
				PRODUCT_BUNDLE_IDENTIFIER = maya.SpendingTrackeriOS;
				PRODUCT_NAME = "$(TARGET_NAME)";
				SWIFT_VERSION = 4.0;
				TARGETED_DEVICE_FAMILY = "1,2";
			};
			name = Debug;
		};
		325AB7D920F3F90500021373 /* Release */ = {
			isa = XCBuildConfiguration;
			buildSettings = {
				ASSETCATALOG_COMPILER_APPICON_NAME = AppIcon;
				CODE_SIGN_STYLE = Automatic;
				INFOPLIST_FILE = SpendingTrackeriOS/Info.plist;
				LD_RUNPATH_SEARCH_PATHS = (
					"$(inherited)",
					"@executable_path/Frameworks",
				);
				PRODUCT_BUNDLE_IDENTIFIER = maya.SpendingTrackeriOS;
				PRODUCT_NAME = "$(TARGET_NAME)";
				SWIFT_VERSION = 4.0;
				TARGETED_DEVICE_FAMILY = "1,2";
			};
			name = Release;
		};
/* End XCBuildConfiguration section */

/* Begin XCConfigurationList section */
		325AB7C020F3F90400021373 /* Build configuration list for PBXProject "SpendingTrackeriOS" */ = {
			isa = XCConfigurationList;
			buildConfigurations = (
				325AB7D520F3F90500021373 /* Debug */,
				325AB7D620F3F90500021373 /* Release */,
			);
			defaultConfigurationIsVisible = 0;
			defaultConfigurationName = Release;
		};
		325AB7D720F3F90500021373 /* Build configuration list for PBXNativeTarget "SpendingTrackeriOS" */ = {
			isa = XCConfigurationList;
			buildConfigurations = (
				325AB7D820F3F90500021373 /* Debug */,
				325AB7D920F3F90500021373 /* Release */,
			);
			defaultConfigurationIsVisible = 0;
			defaultConfigurationName = Release;
		};
/* End XCConfigurationList section */
	};
	rootObject = 325AB7BD20F3F90400021373 /* Project object */;
}
